
Microsoft Visual Studio Solution File, Format Version 12.00
# Visual Studio Version 16
VisualStudioVersion = 16.0.33130.400
MinimumVisualStudioVersion = 10.0.40219.1
Project("{9A19103F-16F7-4668-BE54-9A1E7A4F7556}") = "Kampİntro", "Kampİntro\Kampİntro.csproj", "{F92546FD-1B10-459F-849C-73F2FA9D2D3F}"
EndProject
Project("{9A19103F-16F7-4668-BE54-9A1E7A4F7556}") = "donguler", "donguler\donguler.csproj", "{BC4907F6-85B6-45F5-B4AB-C6D907ADF67D}"
EndProject
Project("{FAE04EC0-301F-11D3-BF4B-00C04F79EFBC}") = "classİntro", "classİntro\classİntro.csproj", "{CE6F71FD-6020-4162-A393-19F704F37306}"
EndProject
Project("{FAE04EC0-301F-11D3-BF4B-00C04F79EFBC}") = "classOdev", "classOdev\classOdev.csproj", "{6E306024-FCA1-438E-9D88-71E742A679C1}"
EndProject
Global
	GlobalSection(SolutionConfigurationPlatforms) = preSolution
		Debug|Any CPU = Debug|Any CPU
		Release|Any CPU = Release|Any CPU
	EndGlobalSection
	GlobalSection(ProjectConfigurationPlatforms) = postSolution
		{F92546FD-1B10-459F-849C-73F2FA9D2D3F}.Debug|Any CPU.ActiveCfg = Debug|Any CPU
		{F92546FD-1B10-459F-849C-73F2FA9D2D3F}.Debug|Any CPU.Build.0 = Debug|Any CPU
		{F92546FD-1B10-459F-849C-73F2FA9D2D3F}.Release|Any CPU.ActiveCfg = Release|Any CPU
		{F92546FD-1B10-459F-849C-73F2FA9D2D3F}.Release|Any CPU.Build.0 = Release|Any CPU
		{BC4907F6-85B6-45F5-B4AB-C6D907ADF67D}.Debug|Any CPU.ActiveCfg = Debug|Any CPU
		{BC4907F6-85B6-45F5-B4AB-C6D907ADF67D}.Debug|Any CPU.Build.0 = Debug|Any CPU
		{BC4907F6-85B6-45F5-B4AB-C6D907ADF67D}.Release|Any CPU.ActiveCfg = Release|Any CPU
		{BC4907F6-85B6-45F5-B4AB-C6D907ADF67D}.Release|Any CPU.Build.0 = Release|Any CPU
		{CE6F71FD-6020-4162-A393-19F704F37306}.Debug|Any CPU.ActiveCfg = Debug|Any CPU
		{CE6F71FD-6020-4162-A393-19F704F37306}.Debug|Any CPU.Build.0 = Debug|Any CPU
		{CE6F71FD-6020-4162-A393-19F704F37306}.Release|Any CPU.ActiveCfg = Release|Any CPU
		{CE6F71FD-6020-4162-A393-19F704F37306}.Release|Any CPU.Build.0 = Release|Any CPU
		{6E306024-FCA1-438E-9D88-71E742A679C1}.Debug|Any CPU.ActiveCfg = Debug|Any CPU
		{6E306024-FCA1-438E-9D88-71E742A679C1}.Debug|Any CPU.Build.0 = Debug|Any CPU
		{6E306024-FCA1-438E-9D88-71E742A679C1}.Release|Any CPU.ActiveCfg = Release|Any CPU
		{6E306024-FCA1-438E-9D88-71E742A679C1}.Release|Any CPU.Build.0 = Release|Any CPU
	EndGlobalSection
	GlobalSection(SolutionProperties) = preSolution
		HideSolutionNode = FALSE
	EndGlobalSection
	GlobalSection(ExtensibilityGlobals) = postSolution
		SolutionGuid = {CD45E12C-58EE-4766-AADD-29ECF57F86AD}
	EndGlobalSection
EndGlobal
